# THIS IS AN AUTOGENERATED FILE. DO NOT EDIT THIS FILE DIRECTLY.
# yarn lockfile v1


"@huynv/package-1@1.1.0":
  version "1.1.0"
  resolved "https://registry.yarnpkg.com/@huynv/package-1/-/package-1-1.1.0.tgz#92acec46c718a8e645fa18a88943afe1fe1d104e"
  integrity sha512-pxihDpxycb3Gxhgigzx688xpbVDdQKTv8q75zlTnR1QtxxS9jkE87gnJFj3Dq+zJx5BWFSMU6AmCsRDuJJKvMQ==

"@huynv/package-2@^1.2.0":
  version "1.2.0"
  resolved "https://registry.yarnpkg.com/@huynv/package-2/-/package-2-1.2.0.tgz#5c495cb70204f75d6f5c31ab2393f6924563494a"
  integrity sha512-PG7bKVdaj6UfTUIPg8fHOdZTLDDgQjKw1xpXu0GNzDri3Hl312YKBPrjByyiQl+VmNqr5UQY2mX8jZigpDduiw==
  dependencies:
    "@huynv/package-1" "1.1.0"
